// !$*UTF8*$!
{
	archiveVersion = 1;
	classes = {
	};
	objectVersion = 52;
	objects = {

/* Begin PBXBuildFile section */
		C40FBCA425F9410C00C14712 /* Alamofire in Frameworks */ = {isa = PBXBuildFile; productRef = C40FBCA325F9410C00C14712 /* Alamofire */; };
		C40FBCA825F9439100C14712 /* BaseProvider.swift in Sources */ = {isa = PBXBuildFile; fileRef = C40FBCA725F9439100C14712 /* BaseProvider.swift */; };
		C40FBCAB25F9444A00C14712 /* DataConstant.swift in Sources */ = {isa = PBXBuildFile; fileRef = C40FBCAA25F9444A00C14712 /* DataConstant.swift */; };
		C40FBCAE25F946FC00C14712 /* CustomErrorEntity.swift in Sources */ = {isa = PBXBuildFile; fileRef = C40FBCAD25F946FC00C14712 /* CustomErrorEntity.swift */; };
		C40FBCB425F948E800C14712 /* ShoppingActivityProvider.swift in Sources */ = {isa = PBXBuildFile; fileRef = C40FBCB325F948E800C14712 /* ShoppingActivityProvider.swift */; };
		C40FBCB925F94D1800C14712 /* ShoppingActivityList.swift in Sources */ = {isa = PBXBuildFile; fileRef = C40FBCB825F94D1800C14712 /* ShoppingActivityList.swift */; };
		C47E036D25F8FD7A00CCFDEE /* AmadeusForDevsApp.swift in Sources */ = {isa = PBXBuildFile; fileRef = C47E036C25F8FD7A00CCFDEE /* AmadeusForDevsApp.swift */; };
		C47E036F25F8FD7A00CCFDEE /* ContentView.swift in Sources */ = {isa = PBXBuildFile; fileRef = C47E036E25F8FD7A00CCFDEE /* ContentView.swift */; };
		C47E037125F8FD8000CCFDEE /* Assets.xcassets in Resources */ = {isa = PBXBuildFile; fileRef = C47E037025F8FD8000CCFDEE /* Assets.xcassets */; };
		C47E037425F8FD8000CCFDEE /* Preview Assets.xcassets in Resources */ = {isa = PBXBuildFile; fileRef = C47E037325F8FD8000CCFDEE /* Preview Assets.xcassets */; };
		C47E038025F9123300CCFDEE /* LocationManager.swift in Sources */ = {isa = PBXBuildFile; fileRef = C47E037F25F9123300CCFDEE /* LocationManager.swift */; };
		C47E038825F9262100CCFDEE /* ShoppingActivityEntity.swift in Sources */ = {isa = PBXBuildFile; fileRef = C47E038725F9262100CCFDEE /* ShoppingActivityEntity.swift */; };
/* End PBXBuildFile section */

/* Begin PBXFileReference section */
		C40FBCA725F9439100C14712 /* BaseProvider.swift */ = {isa = PBXFileReference; lastKnownFileType = sourcecode.swift; path = BaseProvider.swift; sourceTree = "<group>"; };
		C40FBCAA25F9444A00C14712 /* DataConstant.swift */ = {isa = PBXFileReference; lastKnownFileType = sourcecode.swift; path = DataConstant.swift; sourceTree = "<group>"; };
		C40FBCAD25F946FC00C14712 /* CustomErrorEntity.swift */ = {isa = PBXFileReference; lastKnownFileType = sourcecode.swift; path = CustomErrorEntity.swift; sourceTree = "<group>"; };
		C40FBCB325F948E800C14712 /* ShoppingActivityProvider.swift */ = {isa = PBXFileReference; lastKnownFileType = sourcecode.swift; path = ShoppingActivityProvider.swift; sourceTree = "<group>"; };
		C40FBCB825F94D1800C14712 /* ShoppingActivityList.swift */ = {isa = PBXFileReference; lastKnownFileType = sourcecode.swift; path = ShoppingActivityList.swift; sourceTree = "<group>"; };
		C47E036925F8FD7A00CCFDEE /* AmadeusForDevs.app */ = {isa = PBXFileReference; explicitFileType = wrapper.application; includeInIndex = 0; path = AmadeusForDevs.app; sourceTree = BUILT_PRODUCTS_DIR; };
		C47E036C25F8FD7A00CCFDEE /* AmadeusForDevsApp.swift */ = {isa = PBXFileReference; lastKnownFileType = sourcecode.swift; path = AmadeusForDevsApp.swift; sourceTree = "<group>"; };
		C47E036E25F8FD7A00CCFDEE /* ContentView.swift */ = {isa = PBXFileReference; lastKnownFileType = sourcecode.swift; path = ContentView.swift; sourceTree = "<group>"; };
		C47E037025F8FD8000CCFDEE /* Assets.xcassets */ = {isa = PBXFileReference; lastKnownFileType = folder.assetcatalog; path = Assets.xcassets; sourceTree = "<group>"; };
		C47E037325F8FD8000CCFDEE /* Preview Assets.xcassets */ = {isa = PBXFileReference; lastKnownFileType = folder.assetcatalog; path = "Preview Assets.xcassets"; sourceTree = "<group>"; };
		C47E037525F8FD8000CCFDEE /* Info.plist */ = {isa = PBXFileReference; lastKnownFileType = text.plist.xml; path = Info.plist; sourceTree = "<group>"; };
		C47E037F25F9123300CCFDEE /* LocationManager.swift */ = {isa = PBXFileReference; lastKnownFileType = sourcecode.swift; path = LocationManager.swift; sourceTree = "<group>"; };
		C47E038725F9262100CCFDEE /* ShoppingActivityEntity.swift */ = {isa = PBXFileReference; lastKnownFileType = sourcecode.swift; path = ShoppingActivityEntity.swift; sourceTree = "<group>"; };
/* End PBXFileReference section */

/* Begin PBXFrameworksBuildPhase section */
		C47E036625F8FD7A00CCFDEE /* Frameworks */ = {
			isa = PBXFrameworksBuildPhase;
			buildActionMask = 2147483647;
			files = (
				C40FBCA425F9410C00C14712 /* Alamofire in Frameworks */,
			);
			runOnlyForDeploymentPostprocessing = 0;
		};
/* End PBXFrameworksBuildPhase section */

/* Begin PBXGroup section */
		C47E036025F8FD7A00CCFDEE = {
			isa = PBXGroup;
			children = (
				C47E036B25F8FD7A00CCFDEE /* AmadeusForDevs */,
				C47E036A25F8FD7A00CCFDEE /* Products */,
			);
			sourceTree = "<group>";
		};
		C47E036A25F8FD7A00CCFDEE /* Products */ = {
			isa = PBXGroup;
			children = (
				C47E036925F8FD7A00CCFDEE /* AmadeusForDevs.app */,
			);
			name = Products;
			sourceTree = "<group>";
		};
		C47E036B25F8FD7A00CCFDEE /* AmadeusForDevs */ = {
			isa = PBXGroup;
			children = (
				C47E036C25F8FD7A00CCFDEE /* AmadeusForDevsApp.swift */,
				C47E036E25F8FD7A00CCFDEE /* ContentView.swift */,
				C40FBCB825F94D1800C14712 /* ShoppingActivityList.swift */,
				C47E037F25F9123300CCFDEE /* LocationManager.swift */,
				C47E038A25F928E200CCFDEE /* REST API */,
				C47E037025F8FD8000CCFDEE /* Assets.xcassets */,
				C47E037525F8FD8000CCFDEE /* Info.plist */,
				C47E037225F8FD8000CCFDEE /* Preview Content */,
			);
			path = AmadeusForDevs;
			sourceTree = "<group>";
		};
		C47E037225F8FD8000CCFDEE /* Preview Content */ = {
			isa = PBXGroup;
			children = (
				C47E037325F8FD8000CCFDEE /* Preview Assets.xcassets */,
			);
			path = "Preview Content";
			sourceTree = "<group>";
		};
		C47E038625F9260600CCFDEE /* Model Entities */ = {
			isa = PBXGroup;
			children = (
				C40FBCB325F948E800C14712 /* ShoppingActivityProvider.swift */,
				C47E038725F9262100CCFDEE /* ShoppingActivityEntity.swift */,
			);
			path = "Model Entities";
			sourceTree = "<group>";
		};
		C47E038A25F928E200CCFDEE /* REST API */ = {
			isa = PBXGroup;
			children = (
				C40FBCA725F9439100C14712 /* BaseProvider.swift */,
				C40FBCAD25F946FC00C14712 /* CustomErrorEntity.swift */,
				C40FBCAA25F9444A00C14712 /* DataConstant.swift */,
				C47E038625F9260600CCFDEE /* Model Entities */,
			);
			path = "REST API";
			sourceTree = "<group>";
		};
/* End PBXGroup section */

/* Begin PBXNativeTarget section */
		C47E036825F8FD7A00CCFDEE /* AmadeusForDevs */ = {
			isa = PBXNativeTarget;
			buildConfigurationList = C47E037825F8FD8000CCFDEE /* Build configuration list for PBXNativeTarget "AmadeusForDevs" */;
			buildPhases = (
				C47E036525F8FD7A00CCFDEE /* Sources */,
				C47E036625F8FD7A00CCFDEE /* Frameworks */,
				C47E036725F8FD7A00CCFDEE /* Resources */,
			);
			buildRules = (
			);
			dependencies = (
			);
			name = AmadeusForDevs;
			packageProductDependencies = (
				C40FBCA325F9410C00C14712 /* Alamofire */,
			);
			productName = AmadeusForDevs;
			productReference = C47E036925F8FD7A00CCFDEE /* AmadeusForDevs.app */;
			productType = "com.apple.product-type.application";
		};
/* End PBXNativeTarget section */

/* Begin PBXProject section */
		C47E036125F8FD7A00CCFDEE /* Project object */ = {
			isa = PBXProject;
			attributes = {
				LastSwiftUpdateCheck = 1240;
				LastUpgradeCheck = 1240;
				TargetAttributes = {
					C47E036825F8FD7A00CCFDEE = {
						CreatedOnToolsVersion = 12.4;
					};
				};
			};
			buildConfigurationList = C47E036425F8FD7A00CCFDEE /* Build configuration list for PBXProject "AmadeusForDevs" */;
			compatibilityVersion = "Xcode 9.3";
			developmentRegion = en;
			hasScannedForEncodings = 0;
			knownRegions = (
				en,
				Base,
			);
			mainGroup = C47E036025F8FD7A00CCFDEE;
			packageReferences = (
				C40FBCA225F9410C00C14712 /* XCRemoteSwiftPackageReference "Alamofire" */,
			);
			productRefGroup = C47E036A25F8FD7A00CCFDEE /* Products */;
			projectDirPath = "";
			projectRoot = "";
			targets = (
				C47E036825F8FD7A00CCFDEE /* AmadeusForDevs */,
			);
		};
/* End PBXProject section */

/* Begin PBXResourcesBuildPhase section */
		C47E036725F8FD7A00CCFDEE /* Resources */ = {
			isa = PBXResourcesBuildPhase;
			buildActionMask = 2147483647;
			files = (
				C47E037425F8FD8000CCFDEE /* Preview Assets.xcassets in Resources */,
				C47E037125F8FD8000CCFDEE /* Assets.xcassets in Resources */,
			);
			runOnlyForDeploymentPostprocessing = 0;
		};
/* End PBXResourcesBuildPhase section */

/* Begin PBXSourcesBuildPhase section */
		C47E036525F8FD7A00CCFDEE /* Sources */ = {
			isa = PBXSourcesBuildPhase;
			buildActionMask = 2147483647;
			files = (
				C40FBCAE25F946FC00C14712 /* CustomErrorEntity.swift in Sources */,
				C47E036F25F8FD7A00CCFDEE /* ContentView.swift in Sources */,
				C40FBCB925F94D1800C14712 /* ShoppingActivityList.swift in Sources */,
				C47E038825F9262100CCFDEE /* ShoppingActivityEntity.swift in Sources */,
				C47E036D25F8FD7A00CCFDEE /* AmadeusForDevsApp.swift in Sources */,
				C47E038025F9123300CCFDEE /* LocationManager.swift in Sources */,
				C40FBCA825F9439100C14712 /* BaseProvider.swift in Sources */,
				C40FBCB425F948E800C14712 /* ShoppingActivityProvider.swift in Sources */,
				C40FBCAB25F9444A00C14712 /* DataConstant.swift in Sources */,
			);
			runOnlyForDeploymentPostprocessing = 0;
		};
/* End PBXSourcesBuildPhase section */

/* Begin XCBuildConfiguration section */
		C47E037625F8FD8000CCFDEE /* Debug */ = {
			isa = XCBuildConfiguration;
			buildSettings = {
				ALWAYS_SEARCH_USER_PATHS = NO;
				CLANG_ANALYZER_NONNULL = YES;
				CLANG_ANALYZER_NUMBER_OBJECT_CONVERSION = YES_AGGRESSIVE;
				CLANG_CXX_LANGUAGE_STANDARD = "gnu++14";
				CLANG_CXX_LIBRARY = "libc++";
				CLANG_ENABLE_MODULES = YES;
				CLANG_ENABLE_OBJC_ARC = YES;
				CLANG_ENABLE_OBJC_WEAK = YES;
				CLANG_WARN_BLOCK_CAPTURE_AUTORELEASING = YES;
				CLANG_WARN_BOOL_CONVERSION = YES;
				CLANG_WARN_COMMA = YES;
				CLANG_WARN_CONSTANT_CONVERSION = YES;
				CLANG_WARN_DEPRECATED_OBJC_IMPLEMENTATIONS = YES;
				CLANG_WARN_DIRECT_OBJC_ISA_USAGE = YES_ERROR;
				CLANG_WARN_DOCUMENTATION_COMMENTS = YES;
				CLANG_WARN_EMPTY_BODY = YES;
				CLANG_WARN_ENUM_CONVERSION = YES;
				CLANG_WARN_INFINITE_RECURSION = YES;
				CLANG_WARN_INT_CONVERSION = YES;
				CLANG_WARN_NON_LITERAL_NULL_CONVERSION = YES;
				CLANG_WARN_OBJC_IMPLICIT_RETAIN_SELF = YES;
				CLANG_WARN_OBJC_LITERAL_CONVERSION = YES;
				CLANG_WARN_OBJC_ROOT_CLASS = YES_ERROR;
				CLANG_WARN_QUOTED_INCLUDE_IN_FRAMEWORK_HEADER = YES;
				CLANG_WARN_RANGE_LOOP_ANALYSIS = YES;
				CLANG_WARN_STRICT_PROTOTYPES = YES;
				CLANG_WARN_SUSPICIOUS_MOVE = YES;
				CLANG_WARN_UNGUARDED_AVAILABILITY = YES_AGGRESSIVE;
				CLANG_WARN_UNREACHABLE_CODE = YES;
				CLANG_WARN__DUPLICATE_METHOD_MATCH = YES;
				COPY_PHASE_STRIP = NO;
				DEBUG_INFORMATION_FORMAT = dwarf;
				ENABLE_STRICT_OBJC_MSGSEND = YES;
				ENABLE_TESTABILITY = YES;
				GCC_C_LANGUAGE_STANDARD = gnu11;
				GCC_DYNAMIC_NO_PIC = NO;
				GCC_NO_COMMON_BLOCKS = YES;
				GCC_OPTIMIZATION_LEVEL = 0;
				GCC_PREPROCESSOR_DEFINITIONS = (
					"DEBUG=1",
					"$(inherited)",
				);
				GCC_WARN_64_TO_32_BIT_CONVERSION = YES;
				GCC_WARN_ABOUT_RETURN_TYPE = YES_ERROR;
				GCC_WARN_UNDECLARED_SELECTOR = YES;
				GCC_WARN_UNINITIALIZED_AUTOS = YES_AGGRESSIVE;
				GCC_WARN_UNUSED_FUNCTION = YES;
				GCC_WARN_UNUSED_VARIABLE = YES;
				IPHONEOS_DEPLOYMENT_TARGET = 14.4;
				MTL_ENABLE_DEBUG_INFO = INCLUDE_SOURCE;
				MTL_FAST_MATH = YES;
				ONLY_ACTIVE_ARCH = YES;
				SDKROOT = iphoneos;
				SWIFT_ACTIVE_COMPILATION_CONDITIONS = DEBUG;
				SWIFT_OPTIMIZATION_LEVEL = "-Onone";
			};
			name = Debug;
		};
		C47E037725F8FD8000CCFDEE /* Release */ = {
			isa = XCBuildConfiguration;
			buildSettings = {
				ALWAYS_SEARCH_USER_PATHS = NO;
				CLANG_ANALYZER_NONNULL = YES;
				CLANG_ANALYZER_NUMBER_OBJECT_CONVERSION = YES_AGGRESSIVE;
				CLANG_CXX_LANGUAGE_STANDARD = "gnu++14";
				CLANG_CXX_LIBRARY = "libc++";
				CLANG_ENABLE_MODULES = YES;
				CLANG_ENABLE_OBJC_ARC = YES;
				CLANG_ENABLE_OBJC_WEAK = YES;
				CLANG_WARN_BLOCK_CAPTURE_AUTORELEASING = YES;
				CLANG_WARN_BOOL_CONVERSION = YES;
				CLANG_WARN_COMMA = YES;
				CLANG_WARN_CONSTANT_CONVERSION = YES;
				CLANG_WARN_DEPRECATED_OBJC_IMPLEMENTATIONS = YES;
				CLANG_WARN_DIRECT_OBJC_ISA_USAGE = YES_ERROR;
				CLANG_WARN_DOCUMENTATION_COMMENTS = YES;
				CLANG_WARN_EMPTY_BODY = YES;
				CLANG_WARN_ENUM_CONVERSION = YES;
				CLANG_WARN_INFINITE_RECURSION = YES;
				CLANG_WARN_INT_CONVERSION = YES;
				CLANG_WARN_NON_LITERAL_NULL_CONVERSION = YES;
				CLANG_WARN_OBJC_IMPLICIT_RETAIN_SELF = YES;
				CLANG_WARN_OBJC_LITERAL_CONVERSION = YES;
				CLANG_WARN_OBJC_ROOT_CLASS = YES_ERROR;
				CLANG_WARN_QUOTED_INCLUDE_IN_FRAMEWORK_HEADER = YES;
				CLANG_WARN_RANGE_LOOP_ANALYSIS = YES;
				CLANG_WARN_STRICT_PROTOTYPES = YES;
				CLANG_WARN_SUSPICIOUS_MOVE = YES;
				CLANG_WARN_UNGUARDED_AVAILABILITY = YES_AGGRESSIVE;
				CLANG_WARN_UNREACHABLE_CODE = YES;
				CLANG_WARN__DUPLICATE_METHOD_MATCH = YES;
				COPY_PHASE_STRIP = NO;
				DEBUG_INFORMATION_FORMAT = "dwarf-with-dsym";
				ENABLE_NS_ASSERTIONS = NO;
				ENABLE_STRICT_OBJC_MSGSEND = YES;
				GCC_C_LANGUAGE_STANDARD = gnu11;
				GCC_NO_COMMON_BLOCKS = YES;
				GCC_WARN_64_TO_32_BIT_CONVERSION = YES;
				GCC_WARN_ABOUT_RETURN_TYPE = YES_ERROR;
				GCC_WARN_UNDECLARED_SELECTOR = YES;
				GCC_WARN_UNINITIALIZED_AUTOS = YES_AGGRESSIVE;
				GCC_WARN_UNUSED_FUNCTION = YES;
				GCC_WARN_UNUSED_VARIABLE = YES;
				IPHONEOS_DEPLOYMENT_TARGET = 14.4;
				MTL_ENABLE_DEBUG_INFO = NO;
				MTL_FAST_MATH = YES;
				SDKROOT = iphoneos;
				SWIFT_COMPILATION_MODE = wholemodule;
				SWIFT_OPTIMIZATION_LEVEL = "-O";
				VALIDATE_PRODUCT = YES;
			};
			name = Release;
		};
		C47E037925F8FD8000CCFDEE /* Debug */ = {
			isa = XCBuildConfiguration;
			buildSettings = {
				ASSETCATALOG_COMPILER_APPICON_NAME = AppIcon;
				ASSETCATALOG_COMPILER_GLOBAL_ACCENT_COLOR_NAME = AccentColor;
				CODE_SIGN_STYLE = Automatic;
				DEVELOPMENT_ASSET_PATHS = "\"AmadeusForDevs/Preview Content\"";
				DEVELOPMENT_TEAM = 3WN2HPYHZR;
				ENABLE_PREVIEWS = YES;
				INFOPLIST_FILE = AmadeusForDevs/Info.plist;
				IPHONEOS_DEPLOYMENT_TARGET = 14.0;
				LD_RUNPATH_SEARCH_PATHS = (
					"$(inherited)",
					"@executable_path/Frameworks",
				);
				PRODUCT_BUNDLE_IDENTIFIER = interactivedreams.AmadeusForDevs;
				PRODUCT_NAME = "$(TARGET_NAME)";
				SWIFT_VERSION = 5.0;
				TARGETED_DEVICE_FAMILY = "1,2";
			};
			name = Debug;
		};
		C47E037A25F8FD8000CCFDEE /* Release */ = {
			isa = XCBuildConfiguration;
			buildSettings = {
				ASSETCATALOG_COMPILER_APPICON_NAME = AppIcon;
				ASSETCATALOG_COMPILER_GLOBAL_ACCENT_COLOR_NAME = AccentColor;
				CODE_SIGN_STYLE = Automatic;
				DEVELOPMENT_ASSET_PATHS = "\"AmadeusForDevs/Preview Content\"";
				DEVELOPMENT_TEAM = 3WN2HPYHZR;
				ENABLE_PREVIEWS = YES;
				INFOPLIST_FILE = AmadeusForDevs/Info.plist;
				IPHONEOS_DEPLOYMENT_TARGET = 14.0;
				LD_RUNPATH_SEARCH_PATHS = (
					"$(inherited)",
					"@executable_path/Frameworks",
				);
				PRODUCT_BUNDLE_IDENTIFIER = interactivedreams.AmadeusForDevs;
				PRODUCT_NAME = "$(TARGET_NAME)";
				SWIFT_VERSION = 5.0;
				TARGETED_DEVICE_FAMILY = "1,2";
			};
			name = Release;
		};
/* End XCBuildConfiguration section */

/* Begin XCConfigurationList section */
		C47E036425F8FD7A00CCFDEE /* Build configuration list for PBXProject "AmadeusForDevs" */ = {
			isa = XCConfigurationList;
			buildConfigurations = (
				C47E037625F8FD8000CCFDEE /* Debug */,
				C47E037725F8FD8000CCFDEE /* Release */,
			);
			defaultConfigurationIsVisible = 0;
			defaultConfigurationName = Release;
		};
		C47E037825F8FD8000CCFDEE /* Build configuration list for PBXNativeTarget "AmadeusForDevs" */ = {
			isa = XCConfigurationList;
			buildConfigurations = (
				C47E037925F8FD8000CCFDEE /* Debug */,
				C47E037A25F8FD8000CCFDEE /* Release */,
			);
			defaultConfigurationIsVisible = 0;
			defaultConfigurationName = Release;
		};
/* End XCConfigurationList section */

/* Begin XCRemoteSwiftPackageReference section */
		C40FBCA225F9410C00C14712 /* XCRemoteSwiftPackageReference "Alamofire" */ = {
			isa = XCRemoteSwiftPackageReference;
			repositoryURL = "https://github.com/Alamofire/Alamofire";
			requirement = {
				kind = upToNextMajorVersion;
				minimumVersion = 5.4.1;
			};
		};
/* End XCRemoteSwiftPackageReference section */

/* Begin XCSwiftPackageProductDependency section */
		C40FBCA325F9410C00C14712 /* Alamofire */ = {
			isa = XCSwiftPackageProductDependency;
			package = C40FBCA225F9410C00C14712 /* XCRemoteSwiftPackageReference "Alamofire" */;
			productName = Alamofire;
		};
/* End XCSwiftPackageProductDependency section */
	};
	rootObject = C47E036125F8FD7A00CCFDEE /* Project object */;
}
